
Microsoft Visual Studio Solution File, Format Version 12.00
# Visual Studio Version 16
VisualStudioVersion = 16.0.30907.101
MinimumVisualStudioVersion = 10.0.40219.1
Project("{FAE04EC0-301F-11D3-BF4B-00C04F79EFBC}") = "SNVG", "SNVG\SNVG.csproj", "{7D5BDD46-068C-4EB9-B0FE-8A58668C9BCF}"
EndProject
Global
	GlobalSection(SolutionConfigurationPlatforms) = preSolution
		Debug|Any CPU = Debug|Any CPU
		Release|Any CPU = Release|Any CPU
	EndGlobalSection
	GlobalSection(ProjectConfigurationPlatforms) = postSolution
		{7D5BDD46-068C-4EB9-B0FE-8A58668C9BCF}.Debug|Any CPU.ActiveCfg = Debug|Any CPU
		{7D5BDD46-068C-4EB9-B0FE-8A58668C9BCF}.Debug|Any CPU.Build.0 = Debug|Any CPU
		{7D5BDD46-068C-4EB9-B0FE-8A58668C9BCF}.Release|Any CPU.ActiveCfg = Release|Any CPU
		{7D5BDD46-068C-4EB9-B0FE-8A58668C9BCF}.Release|Any CPU.Build.0 = Release|Any CPU
	EndGlobalSection
	GlobalSection(SolutionProperties) = preSolution
		HideSolutionNode = FALSE
	EndGlobalSection
	GlobalSection(ExtensibilityGlobals) = postSolution
		SolutionGuid = {A2E7ECC5-6BB7-4972-9316-C499D9C676A5}
	EndGlobalSection
EndGlobal
